
Microsoft Visual Studio Solution File, Format Version 12.00
# Visual Studio Version 16
VisualStudioVersion = 16.0.29123.88
MinimumVisualStudioVersion = 10.0.40219.1
Project("{FAE04EC0-301F-11D3-BF4B-00C04F79EFBC}") = "String Similarity", "String Similarity\String Similarity.csproj", "{58FDABF5-9690-42BF-803B-58789B4A1EB5}"
EndProject
Global
	GlobalSection(SolutionConfigurationPlatforms) = preSolution
		Debug|Any CPU = Debug|Any CPU
		Release|Any CPU = Release|Any CPU
	EndGlobalSection
	GlobalSection(ProjectConfigurationPlatforms) = postSolution
		{58FDABF5-9690-42BF-803B-58789B4A1EB5}.Debug|Any CPU.ActiveCfg = Debug|Any CPU
		{58FDABF5-9690-42BF-803B-58789B4A1EB5}.Debug|Any CPU.Build.0 = Debug|Any CPU
		{58FDABF5-9690-42BF-803B-58789B4A1EB5}.Release|Any CPU.ActiveCfg = Release|Any CPU
		{58FDABF5-9690-42BF-803B-58789B4A1EB5}.Release|Any CPU.Build.0 = Release|Any CPU
	EndGlobalSection
	GlobalSection(SolutionProperties) = preSolution
		HideSolutionNode = FALSE
	EndGlobalSection
	GlobalSection(ExtensibilityGlobals) = postSolution
		SolutionGuid = {8038A916-70C5-4F6A-B627-65282F86B457}
	EndGlobalSection
EndGlobal
