
Microsoft Visual Studio Solution File, Format Version 12.00
# Visual Studio Version 16
VisualStudioVersion = 16.0.30413.136
MinimumVisualStudioVersion = 10.0.40219.1
Project("{FAE04EC0-301F-11D3-BF4B-00C04F79EFBC}") = "Largest Permutation", "Largest Permutation.csproj", "{C794B583-75A8-468A-ACC5-01ADC31E5BDF}"
EndProject
Global
	GlobalSection(SolutionConfigurationPlatforms) = preSolution
		Debug|Any CPU = Debug|Any CPU
		Release|Any CPU = Release|Any CPU
	EndGlobalSection
	GlobalSection(ProjectConfigurationPlatforms) = postSolution
		{C794B583-75A8-468A-ACC5-01ADC31E5BDF}.Debug|Any CPU.ActiveCfg = Debug|Any CPU
		{C794B583-75A8-468A-ACC5-01ADC31E5BDF}.Debug|Any CPU.Build.0 = Debug|Any CPU
		{C794B583-75A8-468A-ACC5-01ADC31E5BDF}.Release|Any CPU.ActiveCfg = Release|Any CPU
		{C794B583-75A8-468A-ACC5-01ADC31E5BDF}.Release|Any CPU.Build.0 = Release|Any CPU
	EndGlobalSection
	GlobalSection(SolutionProperties) = preSolution
		HideSolutionNode = FALSE
	EndGlobalSection
	GlobalSection(ExtensibilityGlobals) = postSolution
		SolutionGuid = {69306B18-AC0D-4C8E-9D95-D1CC56A9FAE8}
	EndGlobalSection
EndGlobal
