
Microsoft Visual Studio Solution File, Format Version 12.00
# Visual Studio Version 16
VisualStudioVersion = 16.0.30413.136
MinimumVisualStudioVersion = 10.0.40219.1
Project("{FAE04EC0-301F-11D3-BF4B-00C04F79EFBC}") = "Priyanka and Toys", "Priyanka and Toys.csproj", "{FC6292D6-9341-44A2-905B-8E0216F4D01B}"
EndProject
Global
	GlobalSection(SolutionConfigurationPlatforms) = preSolution
		Debug|Any CPU = Debug|Any CPU
		Release|Any CPU = Release|Any CPU
	EndGlobalSection
	GlobalSection(ProjectConfigurationPlatforms) = postSolution
		{FC6292D6-9341-44A2-905B-8E0216F4D01B}.Debug|Any CPU.ActiveCfg = Debug|Any CPU
		{FC6292D6-9341-44A2-905B-8E0216F4D01B}.Debug|Any CPU.Build.0 = Debug|Any CPU
		{FC6292D6-9341-44A2-905B-8E0216F4D01B}.Release|Any CPU.ActiveCfg = Release|Any CPU
		{FC6292D6-9341-44A2-905B-8E0216F4D01B}.Release|Any CPU.Build.0 = Release|Any CPU
	EndGlobalSection
	GlobalSection(SolutionProperties) = preSolution
		HideSolutionNode = FALSE
	EndGlobalSection
	GlobalSection(ExtensibilityGlobals) = postSolution
		SolutionGuid = {DCB47E7D-0F9D-4B1A-AA2C-7DDDB69F2E56}
	EndGlobalSection
EndGlobal
