
Microsoft Visual Studio Solution File, Format Version 12.00
# Visual Studio Version 17
VisualStudioVersion = 17.1.32421.90
MinimumVisualStudioVersion = 10.0.40219.1
Project("{FAE04EC0-301F-11D3-BF4B-00C04F79EFBC}") = "The Bomberman Game", "The Bomberman Game.csproj", "{DF02FD6C-A6D2-4254-B79B-45DD3A308CD9}"
EndProject
Global
	GlobalSection(SolutionConfigurationPlatforms) = preSolution
		Debug|Any CPU = Debug|Any CPU
		Release|Any CPU = Release|Any CPU
	EndGlobalSection
	GlobalSection(ProjectConfigurationPlatforms) = postSolution
		{DF02FD6C-A6D2-4254-B79B-45DD3A308CD9}.Debug|Any CPU.ActiveCfg = Debug|Any CPU
		{DF02FD6C-A6D2-4254-B79B-45DD3A308CD9}.Debug|Any CPU.Build.0 = Debug|Any CPU
		{DF02FD6C-A6D2-4254-B79B-45DD3A308CD9}.Release|Any CPU.ActiveCfg = Release|Any CPU
		{DF02FD6C-A6D2-4254-B79B-45DD3A308CD9}.Release|Any CPU.Build.0 = Release|Any CPU
	EndGlobalSection
	GlobalSection(SolutionProperties) = preSolution
		HideSolutionNode = FALSE
	EndGlobalSection
	GlobalSection(ExtensibilityGlobals) = postSolution
		SolutionGuid = {EF2C73A4-FDFB-4C35-916A-CE89B3897310}
	EndGlobalSection
EndGlobal
