
Microsoft Visual Studio Solution File, Format Version 12.00
# Visual Studio Version 16
VisualStudioVersion = 16.0.29102.190
MinimumVisualStudioVersion = 10.0.40219.1
Project("{FAE04EC0-301F-11D3-BF4B-00C04F79EFBC}") = "Sock Merchant", "Sock Merchant\Sock Merchant.csproj", "{851B3495-D0A5-431D-8DD8-3BEAEFDDBFDF}"
EndProject
Global
	GlobalSection(SolutionConfigurationPlatforms) = preSolution
		Debug|Any CPU = Debug|Any CPU
		Release|Any CPU = Release|Any CPU
	EndGlobalSection
	GlobalSection(ProjectConfigurationPlatforms) = postSolution
		{851B3495-D0A5-431D-8DD8-3BEAEFDDBFDF}.Debug|Any CPU.ActiveCfg = Debug|Any CPU
		{851B3495-D0A5-431D-8DD8-3BEAEFDDBFDF}.Debug|Any CPU.Build.0 = Debug|Any CPU
		{851B3495-D0A5-431D-8DD8-3BEAEFDDBFDF}.Release|Any CPU.ActiveCfg = Release|Any CPU
		{851B3495-D0A5-431D-8DD8-3BEAEFDDBFDF}.Release|Any CPU.Build.0 = Release|Any CPU
	EndGlobalSection
	GlobalSection(SolutionProperties) = preSolution
		HideSolutionNode = FALSE
	EndGlobalSection
	GlobalSection(ExtensibilityGlobals) = postSolution
		SolutionGuid = {0A6FEDCC-8D47-4E3C-8C57-F22FF45D64B0}
	EndGlobalSection
EndGlobal
