
Microsoft Visual Studio Solution File, Format Version 12.00
# Visual Studio Version 16
VisualStudioVersion = 16.0.30711.63
MinimumVisualStudioVersion = 10.0.40219.1
Project("{FAE04EC0-301F-11D3-BF4B-00C04F79EFBC}") = "Number Line Jumps", "Number Line Jumps.csproj", "{D50B2240-E088-4F8D-8121-7F6E116E78BC}"
EndProject
Global
	GlobalSection(SolutionConfigurationPlatforms) = preSolution
		Debug|Any CPU = Debug|Any CPU
		Release|Any CPU = Release|Any CPU
	EndGlobalSection
	GlobalSection(ProjectConfigurationPlatforms) = postSolution
		{D50B2240-E088-4F8D-8121-7F6E116E78BC}.Debug|Any CPU.ActiveCfg = Debug|Any CPU
		{D50B2240-E088-4F8D-8121-7F6E116E78BC}.Debug|Any CPU.Build.0 = Debug|Any CPU
		{D50B2240-E088-4F8D-8121-7F6E116E78BC}.Release|Any CPU.ActiveCfg = Release|Any CPU
		{D50B2240-E088-4F8D-8121-7F6E116E78BC}.Release|Any CPU.Build.0 = Release|Any CPU
	EndGlobalSection
	GlobalSection(SolutionProperties) = preSolution
		HideSolutionNode = FALSE
	EndGlobalSection
	GlobalSection(ExtensibilityGlobals) = postSolution
		SolutionGuid = {014B32B4-F413-4EF8-AFEA-8998FC3A8E56}
	EndGlobalSection
EndGlobal
