
Microsoft Visual Studio Solution File, Format Version 12.00
# Visual Studio Version 16
VisualStudioVersion = 16.0.29123.88
MinimumVisualStudioVersion = 10.0.40219.1
Project("{FAE04EC0-301F-11D3-BF4B-00C04F79EFBC}") = "Anagrams", "Anagrams\Anagrams.csproj", "{544690DF-0BF7-4B98-A4DC-8DC16CBE68EE}"
EndProject
Global
	GlobalSection(SolutionConfigurationPlatforms) = preSolution
		Debug|Any CPU = Debug|Any CPU
		Release|Any CPU = Release|Any CPU
	EndGlobalSection
	GlobalSection(ProjectConfigurationPlatforms) = postSolution
		{544690DF-0BF7-4B98-A4DC-8DC16CBE68EE}.Debug|Any CPU.ActiveCfg = Debug|Any CPU
		{544690DF-0BF7-4B98-A4DC-8DC16CBE68EE}.Debug|Any CPU.Build.0 = Debug|Any CPU
		{544690DF-0BF7-4B98-A4DC-8DC16CBE68EE}.Release|Any CPU.ActiveCfg = Release|Any CPU
		{544690DF-0BF7-4B98-A4DC-8DC16CBE68EE}.Release|Any CPU.Build.0 = Release|Any CPU
	EndGlobalSection
	GlobalSection(SolutionProperties) = preSolution
		HideSolutionNode = FALSE
	EndGlobalSection
	GlobalSection(ExtensibilityGlobals) = postSolution
		SolutionGuid = {9F1071A9-8117-4994-B27D-55288E66D976}
	EndGlobalSection
EndGlobal
