
Microsoft Visual Studio Solution File, Format Version 12.00
# Visual Studio Version 16
VisualStudioVersion = 16.0.29102.190
MinimumVisualStudioVersion = 10.0.40219.1
Project("{FAE04EC0-301F-11D3-BF4B-00C04F79EFBC}") = "Jumping on the Clouds", "Jumping on the Clouds\Jumping on the Clouds.csproj", "{B52A6FD0-26A4-49BD-8D88-CA79CC9B461B}"
EndProject
Global
	GlobalSection(SolutionConfigurationPlatforms) = preSolution
		Debug|Any CPU = Debug|Any CPU
		Release|Any CPU = Release|Any CPU
	EndGlobalSection
	GlobalSection(ProjectConfigurationPlatforms) = postSolution
		{B52A6FD0-26A4-49BD-8D88-CA79CC9B461B}.Debug|Any CPU.ActiveCfg = Debug|Any CPU
		{B52A6FD0-26A4-49BD-8D88-CA79CC9B461B}.Debug|Any CPU.Build.0 = Debug|Any CPU
		{B52A6FD0-26A4-49BD-8D88-CA79CC9B461B}.Release|Any CPU.ActiveCfg = Release|Any CPU
		{B52A6FD0-26A4-49BD-8D88-CA79CC9B461B}.Release|Any CPU.Build.0 = Release|Any CPU
	EndGlobalSection
	GlobalSection(SolutionProperties) = preSolution
		HideSolutionNode = FALSE
	EndGlobalSection
	GlobalSection(ExtensibilityGlobals) = postSolution
		SolutionGuid = {1AEFAE25-81FA-4329-88B9-C7AF813E1E96}
	EndGlobalSection
EndGlobal
