
Microsoft Visual Studio Solution File, Format Version 12.00
# Visual Studio Version 16
VisualStudioVersion = 16.0.29102.190
MinimumVisualStudioVersion = 10.0.40219.1
Project("{FAE04EC0-301F-11D3-BF4B-00C04F79EFBC}") = "Minimum Swaps 2", "Minimum Swaps 2\Minimum Swaps 2.csproj", "{45926EA7-FDD6-4321-8FE7-DF4CB60D16C4}"
EndProject
Global
	GlobalSection(SolutionConfigurationPlatforms) = preSolution
		Debug|Any CPU = Debug|Any CPU
		Release|Any CPU = Release|Any CPU
	EndGlobalSection
	GlobalSection(ProjectConfigurationPlatforms) = postSolution
		{45926EA7-FDD6-4321-8FE7-DF4CB60D16C4}.Debug|Any CPU.ActiveCfg = Debug|Any CPU
		{45926EA7-FDD6-4321-8FE7-DF4CB60D16C4}.Debug|Any CPU.Build.0 = Debug|Any CPU
		{45926EA7-FDD6-4321-8FE7-DF4CB60D16C4}.Release|Any CPU.ActiveCfg = Release|Any CPU
		{45926EA7-FDD6-4321-8FE7-DF4CB60D16C4}.Release|Any CPU.Build.0 = Release|Any CPU
	EndGlobalSection
	GlobalSection(SolutionProperties) = preSolution
		HideSolutionNode = FALSE
	EndGlobalSection
	GlobalSection(ExtensibilityGlobals) = postSolution
		SolutionGuid = {88DFEF0A-B901-48F5-A46F-E29B4733ABF9}
	EndGlobalSection
EndGlobal
